// !$*UTF8*$!
{
	archiveVersion = 1;
	classes = {
	};
	objectVersion = 48;
	objects = {

/* Begin PBXBuildFile section */
		7A99C610205B9F9B00F9656F /* AppDelegate.m in Sources */ = {isa = PBXBuildFile; fileRef = 7A99C60F205B9F9B00F9656F /* AppDelegate.m */; };
		7A99C613205B9F9B00F9656F /* ViewController.m in Sources */ = {isa = PBXBuildFile; fileRef = 7A99C612205B9F9B00F9656F /* ViewController.m */; };
		7A99C616205B9F9B00F9656F /* Main.storyboard in Resources */ = {isa = PBXBuildFile; fileRef = 7A99C614205B9F9B00F9656F /* Main.storyboard */; };
		7A99C618205B9F9B00F9656F /* Assets.xcassets in Resources */ = {isa = PBXBuildFile; fileRef = 7A99C617205B9F9B00F9656F /* Assets.xcassets */; };
		7A99C61B205B9F9B00F9656F /* LaunchScreen.storyboard in Resources */ = {isa = PBXBuildFile; fileRef = 7A99C619205B9F9B00F9656F /* LaunchScreen.storyboard */; };
		7A99C61E205B9F9B00F9656F /* main.m in Sources */ = {isa = PBXBuildFile; fileRef = 7A99C61D205B9F9B00F9656F /* main.m */; };
		7A99C626205B9FD200F9656F /* DimmingPresentationController.m in Sources */ = {isa = PBXBuildFile; fileRef = 7A99C625205B9FD200F9656F /* DimmingPresentationController.m */; };
		7A99C62A205BA05200F9656F /* TestViewController.m in Sources */ = {isa = PBXBuildFile; fileRef = 7A99C628205BA05200F9656F /* TestViewController.m */; };
		7A99C62B205BA05200F9656F /* TestViewController.xib in Resources */ = {isa = PBXBuildFile; fileRef = 7A99C629205BA05200F9656F /* TestViewController.xib */; };
/* End PBXBuildFile section */

/* Begin PBXFileReference section */
		7A99C60B205B9F9B00F9656F /* MQPopViewController.app */ = {isa = PBXFileReference; explicitFileType = wrapper.application; includeInIndex = 0; path = MQPopViewController.app; sourceTree = BUILT_PRODUCTS_DIR; };
		7A99C60E205B9F9B00F9656F /* AppDelegate.h */ = {isa = PBXFileReference; lastKnownFileType = sourcecode.c.h; path = AppDelegate.h; sourceTree = "<group>"; };
		7A99C60F205B9F9B00F9656F /* AppDelegate.m */ = {isa = PBXFileReference; lastKnownFileType = sourcecode.c.objc; path = AppDelegate.m; sourceTree = "<group>"; };
		7A99C611205B9F9B00F9656F /* ViewController.h */ = {isa = PBXFileReference; lastKnownFileType = sourcecode.c.h; path = ViewController.h; sourceTree = "<group>"; };
		7A99C612205B9F9B00F9656F /* ViewController.m */ = {isa = PBXFileReference; lastKnownFileType = sourcecode.c.objc; path = ViewController.m; sourceTree = "<group>"; };
		7A99C615205B9F9B00F9656F /* Base */ = {isa = PBXFileReference; lastKnownFileType = file.storyboard; name = Base; path = Base.lproj/Main.storyboard; sourceTree = "<group>"; };
		7A99C617205B9F9B00F9656F /* Assets.xcassets */ = {isa = PBXFileReference; lastKnownFileType = folder.assetcatalog; path = Assets.xcassets; sourceTree = "<group>"; };
		7A99C61A205B9F9B00F9656F /* Base */ = {isa = PBXFileReference; lastKnownFileType = file.storyboard; name = Base; path = Base.lproj/LaunchScreen.storyboard; sourceTree = "<group>"; };
		7A99C61C205B9F9B00F9656F /* Info.plist */ = {isa = PBXFileReference; lastKnownFileType = text.plist.xml; path = Info.plist; sourceTree = "<group>"; };
		7A99C61D205B9F9B00F9656F /* main.m */ = {isa = PBXFileReference; lastKnownFileType = sourcecode.c.objc; path = main.m; sourceTree = "<group>"; };
		7A99C624205B9FD200F9656F /* DimmingPresentationController.h */ = {isa = PBXFileReference; lastKnownFileType = sourcecode.c.h; path = DimmingPresentationController.h; sourceTree = "<group>"; };
		7A99C625205B9FD200F9656F /* DimmingPresentationController.m */ = {isa = PBXFileReference; lastKnownFileType = sourcecode.c.objc; path = DimmingPresentationController.m; sourceTree = "<group>"; };
		7A99C627205BA05200F9656F /* TestViewController.h */ = {isa = PBXFileReference; lastKnownFileType = sourcecode.c.h; path = TestViewController.h; sourceTree = "<group>"; };
		7A99C628205BA05200F9656F /* TestViewController.m */ = {isa = PBXFileReference; lastKnownFileType = sourcecode.c.objc; path = TestViewController.m; sourceTree = "<group>"; };
		7A99C629205BA05200F9656F /* TestViewController.xib */ = {isa = PBXFileReference; lastKnownFileType = file.xib; path = TestViewController.xib; sourceTree = "<group>"; };
/* End PBXFileReference section */

/* Begin PBXFrameworksBuildPhase section */
		7A99C608205B9F9B00F9656F /* Frameworks */ = {
			isa = PBXFrameworksBuildPhase;
			buildActionMask = 2147483647;
			files = (
			);
			runOnlyForDeploymentPostprocessing = 0;
		};
/* End PBXFrameworksBuildPhase section */

/* Begin PBXGroup section */
		7A99C602205B9F9B00F9656F = {
			isa = PBXGroup;
			children = (
				7A99C60D205B9F9B00F9656F /* MQPopViewController */,
				7A99C60C205B9F9B00F9656F /* Products */,
			);
			sourceTree = "<group>";
		};
		7A99C60C205B9F9B00F9656F /* Products */ = {
			isa = PBXGroup;
			children = (
				7A99C60B205B9F9B00F9656F /* MQPopViewController.app */,
			);
			name = Products;
			sourceTree = "<group>";
		};
		7A99C60D205B9F9B00F9656F /* MQPopViewController */ = {
			isa = PBXGroup;
			children = (
				7A99C60E205B9F9B00F9656F /* AppDelegate.h */,
				7A99C60F205B9F9B00F9656F /* AppDelegate.m */,
				7A99C611205B9F9B00F9656F /* ViewController.h */,
				7A99C612205B9F9B00F9656F /* ViewController.m */,
				7A99C627205BA05200F9656F /* TestViewController.h */,
				7A99C628205BA05200F9656F /* TestViewController.m */,
				7A99C629205BA05200F9656F /* TestViewController.xib */,
				7A99C624205B9FD200F9656F /* DimmingPresentationController.h */,
				7A99C625205B9FD200F9656F /* DimmingPresentationController.m */,
				7A99C614205B9F9B00F9656F /* Main.storyboard */,
				7A99C617205B9F9B00F9656F /* Assets.xcassets */,
				7A99C619205B9F9B00F9656F /* LaunchScreen.storyboard */,
				7A99C61C205B9F9B00F9656F /* Info.plist */,
				7A99C61D205B9F9B00F9656F /* main.m */,
			);
			path = MQPopViewController;
			sourceTree = "<group>";
		};
/* End PBXGroup section */

/* Begin PBXNativeTarget section */
		7A99C60A205B9F9B00F9656F /* MQPopViewController */ = {
			isa = PBXNativeTarget;
			buildConfigurationList = 7A99C621205B9F9B00F9656F /* Build configuration list for PBXNativeTarget "MQPopViewController" */;
			buildPhases = (
				7A99C607205B9F9B00F9656F /* Sources */,
				7A99C608205B9F9B00F9656F /* Frameworks */,
				7A99C609205B9F9B00F9656F /* Resources */,
			);
			buildRules = (
			);
			dependencies = (
			);
			name = MQPopViewController;
			productName = MQPopViewController;
			productReference = 7A99C60B205B9F9B00F9656F /* MQPopViewController.app */;
			productType = "com.apple.product-type.application";
		};
/* End PBXNativeTarget section */

/* Begin PBXProject section */
		7A99C603205B9F9B00F9656F /* Project object */ = {
			isa = PBXProject;
			attributes = {
				LastUpgradeCheck = 0920;
				ORGANIZATIONNAME = MQ;
				TargetAttributes = {
					7A99C60A205B9F9B00F9656F = {
						CreatedOnToolsVersion = 9.2;
						ProvisioningStyle = Automatic;
					};
				};
			};
			buildConfigurationList = 7A99C606205B9F9B00F9656F /* Build configuration list for PBXProject "MQPopViewController" */;
			compatibilityVersion = "Xcode 8.0";
			developmentRegion = en;
			hasScannedForEncodings = 0;
			knownRegions = (
				en,
				Base,
			);
			mainGroup = 7A99C602205B9F9B00F9656F;
			productRefGroup = 7A99C60C205B9F9B00F9656F /* Products */;
			projectDirPath = "";
			projectRoot = "";
			targets = (
				7A99C60A205B9F9B00F9656F /* MQPopViewController */,
			);
		};
/* End PBXProject section */

/* Begin PBXResourcesBuildPhase section */
		7A99C609205B9F9B00F9656F /* Resources */ = {
			isa = PBXResourcesBuildPhase;
			buildActionMask = 2147483647;
			files = (
				7A99C61B205B9F9B00F9656F /* LaunchScreen.storyboard in Resources */,
				7A99C618205B9F9B00F9656F /* Assets.xcassets in Resources */,
				7A99C62B205BA05200F9656F /* TestViewController.xib in Resources */,
				7A99C616205B9F9B00F9656F /* Main.storyboard in Resources */,
			);
			runOnlyForDeploymentPostprocessing = 0;
		};
/* End PBXResourcesBuildPhase section */

/* Begin PBXSourcesBuildPhase section */
		7A99C607205B9F9B00F9656F /* Sources */ = {
			isa = PBXSourcesBuildPhase;
			buildActionMask = 2147483647;
			files = (
				7A99C613205B9F9B00F9656F /* ViewController.m in Sources */,
				7A99C61E205B9F9B00F9656F /* main.m in Sources */,
				7A99C610205B9F9B00F9656F /* AppDelegate.m in Sources */,
				7A99C626205B9FD200F9656F /* DimmingPresentationController.m in Sources */,
				7A99C62A205BA05200F9656F /* TestViewController.m in Sources */,
			);
			runOnlyForDeploymentPostprocessing = 0;
		};
/* End PBXSourcesBuildPhase section */

/* Begin PBXVariantGroup section */
		7A99C614205B9F9B00F9656F /* Main.storyboard */ = {
			isa = PBXVariantGroup;
			children = (
				7A99C615205B9F9B00F9656F /* Base */,
			);
			name = Main.storyboard;
			sourceTree = "<group>";
		};
		7A99C619205B9F9B00F9656F /* LaunchScreen.storyboard */ = {
			isa = PBXVariantGroup;
			children = (
				7A99C61A205B9F9B00F9656F /* Base */,
			);
			name = LaunchScreen.storyboard;
			sourceTree = "<group>";
		};
/* End PBXVariantGroup section */

/* Begin XCBuildConfiguration section */
		7A99C61F205B9F9B00F9656F /* Debug */ = {
			isa = XCBuildConfiguration;
			buildSettings = {
				ALWAYS_SEARCH_USER_PATHS = NO;
				CLANG_ANALYZER_NONNULL = YES;
				CLANG_ANALYZER_NUMBER_OBJECT_CONVERSION = YES_AGGRESSIVE;
				CLANG_CXX_LANGUAGE_STANDARD = "gnu++14";
				CLANG_CXX_LIBRARY = "libc++";
				CLANG_ENABLE_MODULES = YES;
				CLANG_ENABLE_OBJC_ARC = YES;
				CLANG_WARN_BLOCK_CAPTURE_AUTORELEASING = YES;
				CLANG_WARN_BOOL_CONVERSION = YES;
				CLANG_WARN_COMMA = YES;
				CLANG_WARN_CONSTANT_CONVERSION = YES;
				CLANG_WARN_DIRECT_OBJC_ISA_USAGE = YES_ERROR;
				CLANG_WARN_DOCUMENTATION_COMMENTS = YES;
				CLANG_WARN_EMPTY_BODY = YES;
				CLANG_WARN_ENUM_CONVERSION = YES;
				CLANG_WARN_INFINITE_RECURSION = YES;
				CLANG_WARN_INT_CONVERSION = YES;
				CLANG_WARN_NON_LITERAL_NULL_CONVERSION = YES;
				CLANG_WARN_OBJC_LITERAL_CONVERSION = YES;
				CLANG_WARN_OBJC_ROOT_CLASS = YES_ERROR;
				CLANG_WARN_RANGE_LOOP_ANALYSIS = YES;
				CLANG_WARN_STRICT_PROTOTYPES = YES;
				CLANG_WARN_SUSPICIOUS_MOVE = YES;
				CLANG_WARN_UNGUARDED_AVAILABILITY = YES_AGGRESSIVE;
				CLANG_WARN_UNREACHABLE_CODE = YES;
				CLANG_WARN__DUPLICATE_METHOD_MATCH = YES;
				CODE_SIGN_IDENTITY = "iPhone Developer";
				COPY_PHASE_STRIP = NO;
				DEBUG_INFORMATION_FORMAT = dwarf;
				ENABLE_STRICT_OBJC_MSGSEND = YES;
				ENABLE_TESTABILITY = YES;
				GCC_C_LANGUAGE_STANDARD = gnu11;
				GCC_DYNAMIC_NO_PIC = NO;
				GCC_NO_COMMON_BLOCKS = YES;
				GCC_OPTIMIZATION_LEVEL = 0;
				GCC_PREPROCESSOR_DEFINITIONS = (
					"DEBUG=1",
					"$(inherited)",
				);
				GCC_WARN_64_TO_32_BIT_CONVERSION = YES;
				GCC_WARN_ABOUT_RETURN_TYPE = YES_ERROR;
				GCC_WARN_UNDECLARED_SELECTOR = YES;
				GCC_WARN_UNINITIALIZED_AUTOS = YES_AGGRESSIVE;
				GCC_WARN_UNUSED_FUNCTION = YES;
				GCC_WARN_UNUSED_VARIABLE = YES;
				IPHONEOS_DEPLOYMENT_TARGET = 11.2;
				MTL_ENABLE_DEBUG_INFO = YES;
				ONLY_ACTIVE_ARCH = YES;
				SDKROOT = iphoneos;
			};
			name = Debug;
		};
		7A99C620205B9F9B00F9656F /* Release */ = {
			isa = XCBuildConfiguration;
			buildSettings = {
				ALWAYS_SEARCH_USER_PATHS = NO;
				CLANG_ANALYZER_NONNULL = YES;
				CLANG_ANALYZER_NUMBER_OBJECT_CONVERSION = YES_AGGRESSIVE;
				CLANG_CXX_LANGUAGE_STANDARD = "gnu++14";
				CLANG_CXX_LIBRARY = "libc++";
				CLANG_ENABLE_MODULES = YES;
				CLANG_ENABLE_OBJC_ARC = YES;
				CLANG_WARN_BLOCK_CAPTURE_AUTORELEASING = YES;
				CLANG_WARN_BOOL_CONVERSION = YES;
				CLANG_WARN_COMMA = YES;
				CLANG_WARN_CONSTANT_CONVERSION = YES;
				CLANG_WARN_DIRECT_OBJC_ISA_USAGE = YES_ERROR;
				CLANG_WARN_DOCUMENTATION_COMMENTS = YES;
				CLANG_WARN_EMPTY_BODY = YES;
				CLANG_WARN_ENUM_CONVERSION = YES;
				CLANG_WARN_INFINITE_RECURSION = YES;
				CLANG_WARN_INT_CONVERSION = YES;
				CLANG_WARN_NON_LITERAL_NULL_CONVERSION = YES;
				CLANG_WARN_OBJC_LITERAL_CONVERSION = YES;
				CLANG_WARN_OBJC_ROOT_CLASS = YES_ERROR;
				CLANG_WARN_RANGE_LOOP_ANALYSIS = YES;
				CLANG_WARN_STRICT_PROTOTYPES = YES;
				CLANG_WARN_SUSPICIOUS_MOVE = YES;
				CLANG_WARN_UNGUARDED_AVAILABILITY = YES_AGGRESSIVE;
				CLANG_WARN_UNREACHABLE_CODE = YES;
				CLANG_WARN__DUPLICATE_METHOD_MATCH = YES;
				CODE_SIGN_IDENTITY = "iPhone Developer";
				COPY_PHASE_STRIP = NO;
				DEBUG_INFORMATION_FORMAT = "dwarf-with-dsym";
				ENABLE_NS_ASSERTIONS = NO;
				ENABLE_STRICT_OBJC_MSGSEND = YES;
				GCC_C_LANGUAGE_STANDARD = gnu11;
				GCC_NO_COMMON_BLOCKS = YES;
				GCC_WARN_64_TO_32_BIT_CONVERSION = YES;
				GCC_WARN_ABOUT_RETURN_TYPE = YES_ERROR;
				GCC_WARN_UNDECLARED_SELECTOR = YES;
				GCC_WARN_UNINITIALIZED_AUTOS = YES_AGGRESSIVE;
				GCC_WARN_UNUSED_FUNCTION = YES;
				GCC_WARN_UNUSED_VARIABLE = YES;
				IPHONEOS_DEPLOYMENT_TARGET = 11.2;
				MTL_ENABLE_DEBUG_INFO = NO;
				SDKROOT = iphoneos;
				VALIDATE_PRODUCT = YES;
			};
			name = Release;
		};
		7A99C622205B9F9B00F9656F /* Debug */ = {
			isa = XCBuildConfiguration;
			buildSettings = {
				ASSETCATALOG_COMPILER_APPICON_NAME = AppIcon;
				CODE_SIGN_STYLE = Automatic;
				DEVELOPMENT_TEAM = H4384M9Z5J;
				INFOPLIST_FILE = MQPopViewController/Info.plist;
				LD_RUNPATH_SEARCH_PATHS = "$(inherited) @executable_path/Frameworks";
				PRODUCT_BUNDLE_IDENTIFIER = com.MQ.MQPopViewController;
				PRODUCT_NAME = "$(TARGET_NAME)";
				TARGETED_DEVICE_FAMILY = "1,2";
			};
			name = Debug;
		};
		7A99C623205B9F9B00F9656F /* Release */ = {
			isa = XCBuildConfiguration;
			buildSettings = {
				ASSETCATALOG_COMPILER_APPICON_NAME = AppIcon;
				CODE_SIGN_STYLE = Automatic;
				DEVELOPMENT_TEAM = H4384M9Z5J;
				INFOPLIST_FILE = MQPopViewController/Info.plist;
				LD_RUNPATH_SEARCH_PATHS = "$(inherited) @executable_path/Frameworks";
				PRODUCT_BUNDLE_IDENTIFIER = com.MQ.MQPopViewController;
				PRODUCT_NAME = "$(TARGET_NAME)";
				TARGETED_DEVICE_FAMILY = "1,2";
			};
			name = Release;
		};
/* End XCBuildConfiguration section */

/* Begin XCConfigurationList section */
		7A99C606205B9F9B00F9656F /* Build configuration list for PBXProject "MQPopViewController" */ = {
			isa = XCConfigurationList;
			buildConfigurations = (
				7A99C61F205B9F9B00F9656F /* Debug */,
				7A99C620205B9F9B00F9656F /* Release */,
			);
			defaultConfigurationIsVisible = 0;
			defaultConfigurationName = Release;
		};
		7A99C621205B9F9B00F9656F /* Build configuration list for PBXNativeTarget "MQPopViewController" */ = {
			isa = XCConfigurationList;
			buildConfigurations = (
				7A99C622205B9F9B00F9656F /* Debug */,
				7A99C623205B9F9B00F9656F /* Release */,
			);
			defaultConfigurationIsVisible = 0;
			defaultConfigurationName = Release;
		};
/* End XCConfigurationList section */
	};
	rootObject = 7A99C603205B9F9B00F9656F /* Project object */;
}
